
Microsoft Visual Studio Solution File, Format Version 12.00
# Visual Studio Version 16
VisualStudioVersion = 16.0.30621.155
MinimumVisualStudioVersion = 10.0.40219.1
Project("{FAE04EC0-301F-11D3-BF4B-00C04F79EFBC}") = "Exercise8", "Exercise8.csproj", "{7A46F693-FE06-41F4-AA17-C23A292400CF}"
EndProject
Global
	GlobalSection(SolutionConfigurationPlatforms) = preSolution
		Debug|Any CPU = Debug|Any CPU
		Release|Any CPU = Release|Any CPU
	EndGlobalSection
	GlobalSection(ProjectConfigurationPlatforms) = postSolution
		{7A46F693-FE06-41F4-AA17-C23A292400CF}.Debug|Any CPU.ActiveCfg = Debug|Any CPU
		{7A46F693-FE06-41F4-AA17-C23A292400CF}.Debug|Any CPU.Build.0 = Debug|Any CPU
		{7A46F693-FE06-41F4-AA17-C23A292400CF}.Release|Any CPU.ActiveCfg = Release|Any CPU
		{7A46F693-FE06-41F4-AA17-C23A292400CF}.Release|Any CPU.Build.0 = Release|Any CPU
	EndGlobalSection
	GlobalSection(SolutionProperties) = preSolution
		HideSolutionNode = FALSE
	EndGlobalSection
	GlobalSection(ExtensibilityGlobals) = postSolution
		SolutionGuid = {430C84A7-9406-4E51-A7CA-8E9ABF4EAA5E}
	EndGlobalSection
EndGlobal
