
Microsoft Visual Studio Solution File, Format Version 12.00
# Visual Studio Version 16
VisualStudioVersion = 16.0.30621.155
MinimumVisualStudioVersion = 10.0.40219.1
Project("{FAE04EC0-301F-11D3-BF4B-00C04F79EFBC}") = "Kapsülleme", "Kapsülleme.csproj", "{3105F9DA-AC89-4B00-9C5A-0C5060132F0B}"
EndProject
Global
	GlobalSection(SolutionConfigurationPlatforms) = preSolution
		Debug|Any CPU = Debug|Any CPU
		Release|Any CPU = Release|Any CPU
	EndGlobalSection
	GlobalSection(ProjectConfigurationPlatforms) = postSolution
		{3105F9DA-AC89-4B00-9C5A-0C5060132F0B}.Debug|Any CPU.ActiveCfg = Debug|Any CPU
		{3105F9DA-AC89-4B00-9C5A-0C5060132F0B}.Debug|Any CPU.Build.0 = Debug|Any CPU
		{3105F9DA-AC89-4B00-9C5A-0C5060132F0B}.Release|Any CPU.ActiveCfg = Release|Any CPU
		{3105F9DA-AC89-4B00-9C5A-0C5060132F0B}.Release|Any CPU.Build.0 = Release|Any CPU
	EndGlobalSection
	GlobalSection(SolutionProperties) = preSolution
		HideSolutionNode = FALSE
	EndGlobalSection
	GlobalSection(ExtensibilityGlobals) = postSolution
		SolutionGuid = {918ACA1C-0C14-46FF-8C8C-A356DADD1D22}
	EndGlobalSection
EndGlobal
