
Microsoft Visual Studio Solution File, Format Version 12.00
# Visual Studio Version 16
VisualStudioVersion = 16.0.30611.23
MinimumVisualStudioVersion = 10.0.40219.1
Project("{FAE04EC0-301F-11D3-BF4B-00C04F79EFBC}") = "Random", "Random.csproj", "{1CD9AE2F-A0A8-4B31-873A-BE099A74CC08}"
EndProject
Global
	GlobalSection(SolutionConfigurationPlatforms) = preSolution
		Debug|Any CPU = Debug|Any CPU
		Release|Any CPU = Release|Any CPU
	EndGlobalSection
	GlobalSection(ProjectConfigurationPlatforms) = postSolution
		{1CD9AE2F-A0A8-4B31-873A-BE099A74CC08}.Debug|Any CPU.ActiveCfg = Debug|Any CPU
		{1CD9AE2F-A0A8-4B31-873A-BE099A74CC08}.Debug|Any CPU.Build.0 = Debug|Any CPU
		{1CD9AE2F-A0A8-4B31-873A-BE099A74CC08}.Release|Any CPU.ActiveCfg = Release|Any CPU
		{1CD9AE2F-A0A8-4B31-873A-BE099A74CC08}.Release|Any CPU.Build.0 = Release|Any CPU
	EndGlobalSection
	GlobalSection(SolutionProperties) = preSolution
		HideSolutionNode = FALSE
	EndGlobalSection
	GlobalSection(ExtensibilityGlobals) = postSolution
		SolutionGuid = {0A22139D-F9A5-4218-8597-4CC553212E42}
	EndGlobalSection
EndGlobal
