
Microsoft Visual Studio Solution File, Format Version 12.00
# Visual Studio Version 16
VisualStudioVersion = 16.0.30611.23
MinimumVisualStudioVersion = 10.0.40219.1
Project("{FAE04EC0-301F-11D3-BF4B-00C04F79EFBC}") = "Matris", "Matris.csproj", "{84CB7812-9024-49BE-80A4-5E61C2D32E9D}"
EndProject
Global
	GlobalSection(SolutionConfigurationPlatforms) = preSolution
		Debug|Any CPU = Debug|Any CPU
		Release|Any CPU = Release|Any CPU
	EndGlobalSection
	GlobalSection(ProjectConfigurationPlatforms) = postSolution
		{84CB7812-9024-49BE-80A4-5E61C2D32E9D}.Debug|Any CPU.ActiveCfg = Debug|Any CPU
		{84CB7812-9024-49BE-80A4-5E61C2D32E9D}.Debug|Any CPU.Build.0 = Debug|Any CPU
		{84CB7812-9024-49BE-80A4-5E61C2D32E9D}.Release|Any CPU.ActiveCfg = Release|Any CPU
		{84CB7812-9024-49BE-80A4-5E61C2D32E9D}.Release|Any CPU.Build.0 = Release|Any CPU
	EndGlobalSection
	GlobalSection(SolutionProperties) = preSolution
		HideSolutionNode = FALSE
	EndGlobalSection
	GlobalSection(ExtensibilityGlobals) = postSolution
		SolutionGuid = {E4E52728-9246-4B2E-96A0-55CFAAB129ED}
	EndGlobalSection
EndGlobal
