
Microsoft Visual Studio Solution File, Format Version 12.00
# Visual Studio Version 16
VisualStudioVersion = 16.0.30621.155
MinimumVisualStudioVersion = 10.0.40219.1
Project("{FAE04EC0-301F-11D3-BF4B-00C04F79EFBC}") = "Metodlar", "Metodlar.csproj", "{4C3C4227-9A8B-4FC6-8B47-BFFC8A1F1111}"
EndProject
Global
	GlobalSection(SolutionConfigurationPlatforms) = preSolution
		Debug|Any CPU = Debug|Any CPU
		Release|Any CPU = Release|Any CPU
	EndGlobalSection
	GlobalSection(ProjectConfigurationPlatforms) = postSolution
		{4C3C4227-9A8B-4FC6-8B47-BFFC8A1F1111}.Debug|Any CPU.ActiveCfg = Debug|Any CPU
		{4C3C4227-9A8B-4FC6-8B47-BFFC8A1F1111}.Debug|Any CPU.Build.0 = Debug|Any CPU
		{4C3C4227-9A8B-4FC6-8B47-BFFC8A1F1111}.Release|Any CPU.ActiveCfg = Release|Any CPU
		{4C3C4227-9A8B-4FC6-8B47-BFFC8A1F1111}.Release|Any CPU.Build.0 = Release|Any CPU
	EndGlobalSection
	GlobalSection(SolutionProperties) = preSolution
		HideSolutionNode = FALSE
	EndGlobalSection
	GlobalSection(ExtensibilityGlobals) = postSolution
		SolutionGuid = {3F7864CD-4BA3-4AB5-A12C-A24BDE115106}
	EndGlobalSection
EndGlobal
