
Microsoft Visual Studio Solution File, Format Version 12.00
# Visual Studio Version 16
VisualStudioVersion = 16.0.30621.155
MinimumVisualStudioVersion = 10.0.40219.1
Project("{FAE04EC0-301F-11D3-BF4B-00C04F79EFBC}") = "Classlar", "Classlar.csproj", "{D1AD2941-0F2F-40EC-9358-AB773E27062D}"
EndProject
Global
	GlobalSection(SolutionConfigurationPlatforms) = preSolution
		Debug|Any CPU = Debug|Any CPU
		Release|Any CPU = Release|Any CPU
	EndGlobalSection
	GlobalSection(ProjectConfigurationPlatforms) = postSolution
		{D1AD2941-0F2F-40EC-9358-AB773E27062D}.Debug|Any CPU.ActiveCfg = Debug|Any CPU
		{D1AD2941-0F2F-40EC-9358-AB773E27062D}.Debug|Any CPU.Build.0 = Debug|Any CPU
		{D1AD2941-0F2F-40EC-9358-AB773E27062D}.Release|Any CPU.ActiveCfg = Release|Any CPU
		{D1AD2941-0F2F-40EC-9358-AB773E27062D}.Release|Any CPU.Build.0 = Release|Any CPU
	EndGlobalSection
	GlobalSection(SolutionProperties) = preSolution
		HideSolutionNode = FALSE
	EndGlobalSection
	GlobalSection(ExtensibilityGlobals) = postSolution
		SolutionGuid = {723FC16E-275B-40A1-81FA-C3C0AB035840}
	EndGlobalSection
EndGlobal
