
Microsoft Visual Studio Solution File, Format Version 12.00
# Visual Studio Version 16
VisualStudioVersion = 16.0.30621.155
MinimumVisualStudioVersion = 10.0.40219.1
Project("{FAE04EC0-301F-11D3-BF4B-00C04F79EFBC}") = "Football League", "Football League.csproj", "{7539532E-33EF-43CF-B69A-A2D8FA0C9AFA}"
EndProject
Global
	GlobalSection(SolutionConfigurationPlatforms) = preSolution
		Debug|Any CPU = Debug|Any CPU
		Release|Any CPU = Release|Any CPU
	EndGlobalSection
	GlobalSection(ProjectConfigurationPlatforms) = postSolution
		{7539532E-33EF-43CF-B69A-A2D8FA0C9AFA}.Debug|Any CPU.ActiveCfg = Debug|Any CPU
		{7539532E-33EF-43CF-B69A-A2D8FA0C9AFA}.Debug|Any CPU.Build.0 = Debug|Any CPU
		{7539532E-33EF-43CF-B69A-A2D8FA0C9AFA}.Release|Any CPU.ActiveCfg = Release|Any CPU
		{7539532E-33EF-43CF-B69A-A2D8FA0C9AFA}.Release|Any CPU.Build.0 = Release|Any CPU
	EndGlobalSection
	GlobalSection(SolutionProperties) = preSolution
		HideSolutionNode = FALSE
	EndGlobalSection
	GlobalSection(ExtensibilityGlobals) = postSolution
		SolutionGuid = {94137CC7-B856-4BDE-9917-79CE775D5BC9}
	EndGlobalSection
EndGlobal
