
Microsoft Visual Studio Solution File, Format Version 12.00
# Visual Studio Version 16
VisualStudioVersion = 16.0.30611.23
MinimumVisualStudioVersion = 10.0.40219.1
Project("{FAE04EC0-301F-11D3-BF4B-00C04F79EFBC}") = "decimal1", "decimal1.csproj", "{3FEDABA6-1792-4783-941F-81E3E303E77A}"
EndProject
Global
	GlobalSection(SolutionConfigurationPlatforms) = preSolution
		Debug|Any CPU = Debug|Any CPU
		Release|Any CPU = Release|Any CPU
	EndGlobalSection
	GlobalSection(ProjectConfigurationPlatforms) = postSolution
		{3FEDABA6-1792-4783-941F-81E3E303E77A}.Debug|Any CPU.ActiveCfg = Debug|Any CPU
		{3FEDABA6-1792-4783-941F-81E3E303E77A}.Debug|Any CPU.Build.0 = Debug|Any CPU
		{3FEDABA6-1792-4783-941F-81E3E303E77A}.Release|Any CPU.ActiveCfg = Release|Any CPU
		{3FEDABA6-1792-4783-941F-81E3E303E77A}.Release|Any CPU.Build.0 = Release|Any CPU
	EndGlobalSection
	GlobalSection(SolutionProperties) = preSolution
		HideSolutionNode = FALSE
	EndGlobalSection
	GlobalSection(ExtensibilityGlobals) = postSolution
		SolutionGuid = {D3923E78-58E3-4597-825F-D5EAB905D0C0}
	EndGlobalSection
EndGlobal
