
Microsoft Visual Studio Solution File, Format Version 12.00
# Visual Studio Version 16
VisualStudioVersion = 16.0.30611.23
MinimumVisualStudioVersion = 10.0.40219.1
Project("{FAE04EC0-301F-11D3-BF4B-00C04F79EFBC}") = "ders14", "ders14\ders14.csproj", "{97CC44AC-5AF1-48C2-A99B-E6526A8C30BB}"
EndProject
Global
	GlobalSection(SolutionConfigurationPlatforms) = preSolution
		Debug|Any CPU = Debug|Any CPU
		Release|Any CPU = Release|Any CPU
	EndGlobalSection
	GlobalSection(ProjectConfigurationPlatforms) = postSolution
		{97CC44AC-5AF1-48C2-A99B-E6526A8C30BB}.Debug|Any CPU.ActiveCfg = Debug|Any CPU
		{97CC44AC-5AF1-48C2-A99B-E6526A8C30BB}.Debug|Any CPU.Build.0 = Debug|Any CPU
		{97CC44AC-5AF1-48C2-A99B-E6526A8C30BB}.Release|Any CPU.ActiveCfg = Release|Any CPU
		{97CC44AC-5AF1-48C2-A99B-E6526A8C30BB}.Release|Any CPU.Build.0 = Release|Any CPU
	EndGlobalSection
	GlobalSection(SolutionProperties) = preSolution
		HideSolutionNode = FALSE
	EndGlobalSection
	GlobalSection(ExtensibilityGlobals) = postSolution
		SolutionGuid = {399E837B-0D54-468E-8D4F-1067A9295A06}
	EndGlobalSection
EndGlobal
