
Microsoft Visual Studio Solution File, Format Version 12.00
# Visual Studio Version 16
VisualStudioVersion = 16.0.30611.23
MinimumVisualStudioVersion = 10.0.40219.1
Project("{FAE04EC0-301F-11D3-BF4B-00C04F79EFBC}") = "ders1", "ders1\ders1.csproj", "{6091A20C-FD24-4808-888E-7A409A670FDC}"
EndProject
Global
	GlobalSection(SolutionConfigurationPlatforms) = preSolution
		Debug|Any CPU = Debug|Any CPU
		Release|Any CPU = Release|Any CPU
	EndGlobalSection
	GlobalSection(ProjectConfigurationPlatforms) = postSolution
		{6091A20C-FD24-4808-888E-7A409A670FDC}.Debug|Any CPU.ActiveCfg = Debug|Any CPU
		{6091A20C-FD24-4808-888E-7A409A670FDC}.Debug|Any CPU.Build.0 = Debug|Any CPU
		{6091A20C-FD24-4808-888E-7A409A670FDC}.Release|Any CPU.ActiveCfg = Release|Any CPU
		{6091A20C-FD24-4808-888E-7A409A670FDC}.Release|Any CPU.Build.0 = Release|Any CPU
	EndGlobalSection
	GlobalSection(SolutionProperties) = preSolution
		HideSolutionNode = FALSE
	EndGlobalSection
	GlobalSection(ExtensibilityGlobals) = postSolution
		SolutionGuid = {725B5082-D8D5-44AB-A099-5562CBEF4573}
	EndGlobalSection
EndGlobal
